
Microsoft Visual Studio Solution File, Format Version 12.00
# Visual Studio Version 17
VisualStudioVersion = 17.0.31919.166
MinimumVisualStudioVersion = 10.0.40219.1
Project("{FAE04EC0-301F-11D3-BF4B-00C04F79EFBC}") = "PetShopManagementSystem", "PetShopManagementSystem\PetShopManagementSystem.csproj", "{0389EDEC-A33C-4D62-86B9-16C91A8A55E7}"
EndProject
Global
	GlobalSection(SolutionConfigurationPlatforms) = preSolution
		Debug|Any CPU = Debug|Any CPU
		Release|Any CPU = Release|Any CPU
	EndGlobalSection
	GlobalSection(ProjectConfigurationPlatforms) = postSolution
		{0389EDEC-A33C-4D62-86B9-16C91A8A55E7}.Debug|Any CPU.ActiveCfg = Debug|Any CPU
		{0389EDEC-A33C-4D62-86B9-16C91A8A55E7}.Debug|Any CPU.Build.0 = Debug|Any CPU
		{0389EDEC-A33C-4D62-86B9-16C91A8A55E7}.Release|Any CPU.ActiveCfg = Release|Any CPU
		{0389EDEC-A33C-4D62-86B9-16C91A8A55E7}.Release|Any CPU.Build.0 = Release|Any CPU
	EndGlobalSection
	GlobalSection(SolutionProperties) = preSolution
		HideSolutionNode = FALSE
	EndGlobalSection
	GlobalSection(ExtensibilityGlobals) = postSolution
		SolutionGuid = {BDD34E3B-31E8-48CE-807E-580428EC7299}
	EndGlobalSection
EndGlobal
